{
  "name": "shop-more-mf-main",
  "version": "1.0.0",
  "lockfileVersion": 1,
  "requires": true,
  "dependencies": {
    "turbo": {
      "version": "1.4.0",
      "resolved": "https://registry.npmjs.org/turbo/-/turbo-1.4.0.tgz",
      "integrity": "sha512-k2x8QqunK/96tqzB7aRCQ601H7N2PnxTcrEH9NoJjN5sJeymnfn/dQ8l6HrSyuYrW259W3N/AWAAUhpXnUyitA==",
      "dev": true,
      "requires": {
        "turbo-android-arm64": "1.4.0",
        "turbo-darwin-64": "1.4.0",
        "turbo-darwin-arm64": "1.4.0",
        "turbo-freebsd-64": "1.4.0",
        "turbo-freebsd-arm64": "1.4.0",
        "turbo-linux-32": "1.4.0",
        "turbo-linux-64": "1.4.0",
        "turbo-linux-arm": "1.4.0",
        "turbo-linux-arm64": "1.4.0",
        "turbo-linux-mips64le": "1.4.0",
        "turbo-linux-ppc64le": "1.4.0",
        "turbo-windows-32": "1.4.0",
        "turbo-windows-64": "1.4.0",
        "turbo-windows-arm64": "1.4.0"
      }
    },
    "turbo-android-arm64": {
      "version": "1.4.0",
      "resolved": "https://registry.npmjs.org/turbo-android-arm64/-/turbo-android-arm64-1.4.0.tgz",
      "integrity": "sha512-k03ztiuVpRqFiXl452HUsDgns0KrDtKL+e19h3eVJZFlr0lXtMBAcjh6qkh9lSmBW99NGSESGbsdaL9cp6F/vw==",
      "dev": true,
      "optional": true
    },
    "turbo-darwin-64": {
      "version": "1.4.0",
      "resolved": "https://registry.npmjs.org/turbo-darwin-64/-/turbo-darwin-64-1.4.0.tgz",
      "integrity": "sha512-uj6p1marrEIFBX1nv4+LRg4e1vTYXTsv2DUB0e/LeAf9G2dRzh/MtSwBWuUaFLCcDvMSsnOeComgEkKuYyeVfw==",
      "dev": true,
      "optional": true
    },
    "turbo-darwin-arm64": {
      "version": "1.4.0",
      "resolved": "https://registry.npmjs.org/turbo-darwin-arm64/-/turbo-darwin-arm64-1.4.0.tgz",
      "integrity": "sha512-O6xBDY3LUJVctQBkbPoHHDsUIhuJTdIgIY/w4ZPRgdv51fj6uBJRolj9lLx1jGioLqjUaj/sXIizlaPar6tm5A==",
      "dev": true,
      "optional": true
    },
    "turbo-freebsd-64": {
      "version": "1.4.0",
      "resolved": "https://registry.npmjs.org/turbo-freebsd-64/-/turbo-freebsd-64-1.4.0.tgz",
      "integrity": "sha512-103LbqCHxDHCz0xmpWis5JHkti2Irlq7n7vAk43+Kkxrz8UqhbrSfe0qUhkYltvxQ/R5cKAOKmBT5eZCO85+Xw==",
      "dev": true,
      "optional": true
    },
    "turbo-freebsd-arm64": {
      "version": "1.4.0",
      "resolved": "https://registry.npmjs.org/turbo-freebsd-arm64/-/turbo-freebsd-arm64-1.4.0.tgz",
      "integrity": "sha512-Cf+TGpQTpogSd/SsGhz1uQMhNVYYT1GeGg9iJ99rjjzbdC1zjdmeCbgUwyUUx5wVVM832o5fWaCJai3My3PDDQ==",
      "dev": true,
      "optional": true
    },
    "turbo-linux-32": {
      "version": "1.4.0",
      "resolved": "https://registry.npmjs.org/turbo-linux-32/-/turbo-linux-32-1.4.0.tgz",
      "integrity": "sha512-bJn78F+mH45g6xPFTdn7PLzixMuqugGz4Db9dPLijWQzeKzVz52qpN7WGUZwfPZtQOs0HUI8woH6eqAZMdT2ZA==",
      "dev": true,
      "optional": true
    },
    "turbo-linux-64": {
      "version": "1.4.0",
      "resolved": "https://registry.npmjs.org/turbo-linux-64/-/turbo-linux-64-1.4.0.tgz",
      "integrity": "sha512-1+WyeJ1CBOnXNQl+Qke4NWvy3Zymp0NoxmJcZAmVBhwqAqGyERypeDznMfFmFtpG99/ZhmT7xwilz3Bw3Eyukw==",
      "dev": true,
      "optional": true
    },
    "turbo-linux-arm": {
      "version": "1.4.0",
      "resolved": "https://registry.npmjs.org/turbo-linux-arm/-/turbo-linux-arm-1.4.0.tgz",
      "integrity": "sha512-9DEUP1pKWCwMDuriYCuTf+73oBIxTU4VLdkP89dtPoQVXW6mviES4gRXm8jAs6AOzzMI4DHgNKPxk7UKUvuExQ==",
      "dev": true,
      "optional": true
    },
    "turbo-linux-arm64": {
      "version": "1.4.0",
      "resolved": "https://registry.npmjs.org/turbo-linux-arm64/-/turbo-linux-arm64-1.4.0.tgz",
      "integrity": "sha512-DUtBhN0+o4XULQ9hsnzp6nI4mycMH7PpjKtG2HdmiZIhSYipSKWIMZkvgJpnpVJoRarLe7PmcDJIBp2aXvw2xw==",
      "dev": true,
      "optional": true
    },
    "turbo-linux-mips64le": {
      "version": "1.4.0",
      "resolved": "https://registry.npmjs.org/turbo-linux-mips64le/-/turbo-linux-mips64le-1.4.0.tgz",
      "integrity": "sha512-ZJcQvUgmCJ4TFosVL6hEmECP5ysSubF3wMOq5hkBxzRMBjL0djW+BK4aIXutBTpjAz9OyM10S4KeEGeGRS/e3Q==",
      "dev": true,
      "optional": true
    },
    "turbo-linux-ppc64le": {
      "version": "1.4.0",
      "resolved": "https://registry.npmjs.org/turbo-linux-ppc64le/-/turbo-linux-ppc64le-1.4.0.tgz",
      "integrity": "sha512-sk/rOrcGnYRcwNP8yJwmeOOzInv7YzMfWBomVf/TwrpsGL8QrD05zjsMR+lGxYNoNOJIHbroracjHaLvKWZN7A==",
      "dev": true,
      "optional": true
    },
    "turbo-windows-32": {
      "version": "1.4.0",
      "resolved": "https://registry.npmjs.org/turbo-windows-32/-/turbo-windows-32-1.4.0.tgz",
      "integrity": "sha512-5fmS6J3ZvhWRss+sFw2edOElVeKtk0l9yCoCYltPeFSy3+ArXws06ik3Z318SuKlbFu/+VTbM/NyBleKru+0ag==",
      "dev": true,
      "optional": true
    },
    "turbo-windows-64": {
      "version": "1.4.0",
      "resolved": "https://registry.npmjs.org/turbo-windows-64/-/turbo-windows-64-1.4.0.tgz",
      "integrity": "sha512-FZZBHjb8BYpEGbVOpJEEFAjS3xxUVg76MBPXqRb5IUPQeXiCd8VfO4UApn9syjUuTLORBoWLmSf3xp7vd1cIgA==",
      "dev": true,
      "optional": true
    },
    "turbo-windows-arm64": {
      "version": "1.4.0",
      "resolved": "https://registry.npmjs.org/turbo-windows-arm64/-/turbo-windows-arm64-1.4.0.tgz",
      "integrity": "sha512-mJAlDf5/qBVMVv+q+0/2PF5tRHKz4mgtl/DnRn5n/rIfRvElGkjlPbQwJdXuMCEQVE9FMOAGRCstu0dkcdTluQ==",
      "dev": true,
      "optional": true
    }
  }
}
